// !$*UTF8*$!
{
	archiveVersion = 1;
	classes = {
	};
	objectVersion = 56;
	objects = {

/* Begin PBXBuildFile section */
		A15C5C2F2E27857000463375 /* EditTodoList.swift in Sources */ = {isa = PBXBuildFile; fileRef = A15C5C2E2E27857000463375 /* EditTodoList.swift */; };
		A15C5C322E28376200463375 /* MoodManager.swift in Sources */ = {isa = PBXBuildFile; fileRef = A15C5C302E28376200463375 /* MoodManager.swift */; };
		A15C5C332E28376200463375 /* MoodView.swift in Sources */ = {isa = PBXBuildFile; fileRef = A15C5C312E28376200463375 /* MoodView.swift */; };
		A1BA87812E2763EF006AE746 /* Models.swift in Sources */ = {isa = PBXBuildFile; fileRef = A1BA87802E2763EF006AE746 /* Models.swift */; };
		A1BA87832E2767A1006AE746 /* NetworkService.swift in Sources */ = {isa = PBXBuildFile; fileRef = A1BA87822E2767A0006AE746 /* NetworkService.swift */; };
		A1BA87852E2767E7006AE746 /* AuthManager.swift in Sources */ = {isa = PBXBuildFile; fileRef = A1BA87842E2767E7006AE746 /* AuthManager.swift */; };
		A1BA87872E27680E006AE746 /* LoginView.swift in Sources */ = {isa = PBXBuildFile; fileRef = A1BA87862E27680E006AE746 /* LoginView.swift */; };
		A1BA87892E2772EA006AE746 /* TodoManager.swift in Sources */ = {isa = PBXBuildFile; fileRef = A1BA87882E2772EA006AE746 /* TodoManager.swift */; };
		A1BA878B2E277348006AE746 /* TodoListView.swift in Sources */ = {isa = PBXBuildFile; fileRef = A1BA878A2E277348006AE746 /* TodoListView.swift */; };
		A1BA878D2E27739E006AE746 /* AddTodoView.swift in Sources */ = {isa = PBXBuildFile; fileRef = A1BA878C2E27739E006AE746 /* AddTodoView.swift */; };
		A1DFD6812E275662009BB352 /* todo_moodApp.swift in Sources */ = {isa = PBXBuildFile; fileRef = A1DFD6802E275662009BB352 /* todo_moodApp.swift */; };
		A1DFD6832E275662009BB352 /* ContentView.swift in Sources */ = {isa = PBXBuildFile; fileRef = A1DFD6822E275662009BB352 /* ContentView.swift */; };
		A1DFD6852E275664009BB352 /* Assets.xcassets in Resources */ = {isa = PBXBuildFile; fileRef = A1DFD6842E275664009BB352 /* Assets.xcassets */; };
		A1DFD6882E275664009BB352 /* Preview Assets.xcassets in Resources */ = {isa = PBXBuildFile; fileRef = A1DFD6872E275664009BB352 /* Preview Assets.xcassets */; };
		A1DFD6922E275664009BB352 /* todo_moodTests.swift in Sources */ = {isa = PBXBuildFile; fileRef = A1DFD6912E275664009BB352 /* todo_moodTests.swift */; };
		A1DFD69C2E275664009BB352 /* todo_moodUITests.swift in Sources */ = {isa = PBXBuildFile; fileRef = A1DFD69B2E275664009BB352 /* todo_moodUITests.swift */; };
		A1DFD69E2E275664009BB352 /* todo_moodUITestsLaunchTests.swift in Sources */ = {isa = PBXBuildFile; fileRef = A1DFD69D2E275664009BB352 /* todo_moodUITestsLaunchTests.swift */; };
/* End PBXBuildFile section */

/* Begin PBXContainerItemProxy section */
		A1DFD68E2E275664009BB352 /* PBXContainerItemProxy */ = {
			isa = PBXContainerItemProxy;
			containerPortal = A1DFD6752E275662009BB352 /* Project object */;
			proxyType = 1;
			remoteGlobalIDString = A1DFD67C2E275662009BB352;
			remoteInfo = "todo-mood";
		};
		A1DFD6982E275664009BB352 /* PBXContainerItemProxy */ = {
			isa = PBXContainerItemProxy;
			containerPortal = A1DFD6752E275662009BB352 /* Project object */;
			proxyType = 1;
			remoteGlobalIDString = A1DFD67C2E275662009BB352;
			remoteInfo = "todo-mood";
		};
/* End PBXContainerItemProxy section */

/* Begin PBXFileReference section */
		A15C5C2E2E27857000463375 /* EditTodoList.swift */ = {isa = PBXFileReference; lastKnownFileType = sourcecode.swift; path = EditTodoList.swift; sourceTree = "<group>"; };
		A15C5C302E28376200463375 /* MoodManager.swift */ = {isa = PBXFileReference; fileEncoding = 4; lastKnownFileType = sourcecode.swift; path = MoodManager.swift; sourceTree = "<group>"; };
		A15C5C312E28376200463375 /* MoodView.swift */ = {isa = PBXFileReference; fileEncoding = 4; lastKnownFileType = sourcecode.swift; path = MoodView.swift; sourceTree = "<group>"; };
		A1BA87802E2763EF006AE746 /* Models.swift */ = {isa = PBXFileReference; lastKnownFileType = sourcecode.swift; path = Models.swift; sourceTree = "<group>"; };
		A1BA87822E2767A0006AE746 /* NetworkService.swift */ = {isa = PBXFileReference; lastKnownFileType = sourcecode.swift; path = NetworkService.swift; sourceTree = "<group>"; };
		A1BA87842E2767E7006AE746 /* AuthManager.swift */ = {isa = PBXFileReference; lastKnownFileType = sourcecode.swift; path = AuthManager.swift; sourceTree = "<group>"; };
		A1BA87862E27680E006AE746 /* LoginView.swift */ = {isa = PBXFileReference; lastKnownFileType = sourcecode.swift; path = LoginView.swift; sourceTree = "<group>"; };
		A1BA87882E2772EA006AE746 /* TodoManager.swift */ = {isa = PBXFileReference; lastKnownFileType = sourcecode.swift; path = TodoManager.swift; sourceTree = "<group>"; };
		A1BA878A2E277348006AE746 /* TodoListView.swift */ = {isa = PBXFileReference; lastKnownFileType = sourcecode.swift; path = TodoListView.swift; sourceTree = "<group>"; };
		A1BA878C2E27739E006AE746 /* AddTodoView.swift */ = {isa = PBXFileReference; lastKnownFileType = sourcecode.swift; path = AddTodoView.swift; sourceTree = "<group>"; };
		A1DFD67D2E275662009BB352 /* todo-mood.app */ = {isa = PBXFileReference; explicitFileType = wrapper.application; includeInIndex = 0; path = "todo-mood.app"; sourceTree = BUILT_PRODUCTS_DIR; };
		A1DFD6802E275662009BB352 /* todo_moodApp.swift */ = {isa = PBXFileReference; lastKnownFileType = sourcecode.swift; path = todo_moodApp.swift; sourceTree = "<group>"; };
		A1DFD6822E275662009BB352 /* ContentView.swift */ = {isa = PBXFileReference; lastKnownFileType = sourcecode.swift; path = ContentView.swift; sourceTree = "<group>"; };
		A1DFD6842E275664009BB352 /* Assets.xcassets */ = {isa = PBXFileReference; lastKnownFileType = folder.assetcatalog; path = Assets.xcassets; sourceTree = "<group>"; };
		A1DFD6872E275664009BB352 /* Preview Assets.xcassets */ = {isa = PBXFileReference; lastKnownFileType = folder.assetcatalog; path = "Preview Assets.xcassets"; sourceTree = "<group>"; };
		A1DFD68D2E275664009BB352 /* todo-moodTests.xctest */ = {isa = PBXFileReference; explicitFileType = wrapper.cfbundle; includeInIndex = 0; path = "todo-moodTests.xctest"; sourceTree = BUILT_PRODUCTS_DIR; };
		A1DFD6912E275664009BB352 /* todo_moodTests.swift */ = {isa = PBXFileReference; lastKnownFileType = sourcecode.swift; path = todo_moodTests.swift; sourceTree = "<group>"; };
		A1DFD6972E275664009BB352 /* todo-moodUITests.xctest */ = {isa = PBXFileReference; explicitFileType = wrapper.cfbundle; includeInIndex = 0; path = "todo-moodUITests.xctest"; sourceTree = BUILT_PRODUCTS_DIR; };
		A1DFD69B2E275664009BB352 /* todo_moodUITests.swift */ = {isa = PBXFileReference; lastKnownFileType = sourcecode.swift; path = todo_moodUITests.swift; sourceTree = "<group>"; };
		A1DFD69D2E275664009BB352 /* todo_moodUITestsLaunchTests.swift */ = {isa = PBXFileReference; lastKnownFileType = sourcecode.swift; path = todo_moodUITestsLaunchTests.swift; sourceTree = "<group>"; };
/* End PBXFileReference section */

/* Begin PBXFrameworksBuildPhase section */
		A1DFD67A2E275662009BB352 /* Frameworks */ = {
			isa = PBXFrameworksBuildPhase;
			buildActionMask = 2147483647;
			files = (
			);
			runOnlyForDeploymentPostprocessing = 0;
		};
		A1DFD68A2E275664009BB352 /* Frameworks */ = {
			isa = PBXFrameworksBuildPhase;
			buildActionMask = 2147483647;
			files = (
			);
			runOnlyForDeploymentPostprocessing = 0;
		};
		A1DFD6942E275664009BB352 /* Frameworks */ = {
			isa = PBXFrameworksBuildPhase;
			buildActionMask = 2147483647;
			files = (
			);
			runOnlyForDeploymentPostprocessing = 0;
		};
/* End PBXFrameworksBuildPhase section */

/* Begin PBXGroup section */
		A1DFD6742E275662009BB352 = {
			isa = PBXGroup;
			children = (
				A1DFD67F2E275662009BB352 /* todo-mood */,
				A1DFD6902E275664009BB352 /* todo-moodTests */,
				A1DFD69A2E275664009BB352 /* todo-moodUITests */,
				A1DFD67E2E275662009BB352 /* Products */,
			);
			sourceTree = "<group>";
		};
		A1DFD67E2E275662009BB352 /* Products */ = {
			isa = PBXGroup;
			children = (
				A1DFD67D2E275662009BB352 /* todo-mood.app */,
				A1DFD68D2E275664009BB352 /* todo-moodTests.xctest */,
				A1DFD6972E275664009BB352 /* todo-moodUITests.xctest */,
			);
			name = Products;
			sourceTree = "<group>";
		};
		A1DFD67F2E275662009BB352 /* todo-mood */ = {
			isa = PBXGroup;
			children = (
				A15C5C302E28376200463375 /* MoodManager.swift */,
				A15C5C312E28376200463375 /* MoodView.swift */,
				A1DFD6802E275662009BB352 /* todo_moodApp.swift */,
				A1DFD6822E275662009BB352 /* ContentView.swift */,
				A1DFD6842E275664009BB352 /* Assets.xcassets */,
				A1DFD6862E275664009BB352 /* Preview Content */,
				A1BA87802E2763EF006AE746 /* Models.swift */,
				A1BA87822E2767A0006AE746 /* NetworkService.swift */,
				A1BA87842E2767E7006AE746 /* AuthManager.swift */,
				A1BA87862E27680E006AE746 /* LoginView.swift */,
				A1BA87882E2772EA006AE746 /* TodoManager.swift */,
				A1BA878A2E277348006AE746 /* TodoListView.swift */,
				A1BA878C2E27739E006AE746 /* AddTodoView.swift */,
				A15C5C2E2E27857000463375 /* EditTodoList.swift */,
			);
			path = "todo-mood";
			sourceTree = "<group>";
		};
		A1DFD6862E275664009BB352 /* Preview Content */ = {
			isa = PBXGroup;
			children = (
				A1DFD6872E275664009BB352 /* Preview Assets.xcassets */,
			);
			path = "Preview Content";
			sourceTree = "<group>";
		};
		A1DFD6902E275664009BB352 /* todo-moodTests */ = {
			isa = PBXGroup;
			children = (
				A1DFD6912E275664009BB352 /* todo_moodTests.swift */,
			);
			path = "todo-moodTests";
			sourceTree = "<group>";
		};
		A1DFD69A2E275664009BB352 /* todo-moodUITests */ = {
			isa = PBXGroup;
			children = (
				A1DFD69B2E275664009BB352 /* todo_moodUITests.swift */,
				A1DFD69D2E275664009BB352 /* todo_moodUITestsLaunchTests.swift */,
			);
			path = "todo-moodUITests";
			sourceTree = "<group>";
		};
/* End PBXGroup section */

/* Begin PBXNativeTarget section */
		A1DFD67C2E275662009BB352 /* todo-mood */ = {
			isa = PBXNativeTarget;
			buildConfigurationList = A1DFD6A12E275664009BB352 /* Build configuration list for PBXNativeTarget "todo-mood" */;
			buildPhases = (
				A1DFD6792E275662009BB352 /* Sources */,
				A1DFD67A2E275662009BB352 /* Frameworks */,
				A1DFD67B2E275662009BB352 /* Resources */,
			);
			buildRules = (
			);
			dependencies = (
			);
			name = "todo-mood";
			productName = "todo-mood";
			productReference = A1DFD67D2E275662009BB352 /* todo-mood.app */;
			productType = "com.apple.product-type.application";
		};
		A1DFD68C2E275664009BB352 /* todo-moodTests */ = {
			isa = PBXNativeTarget;
			buildConfigurationList = A1DFD6A42E275664009BB352 /* Build configuration list for PBXNativeTarget "todo-moodTests" */;
			buildPhases = (
				A1DFD6892E275664009BB352 /* Sources */,
				A1DFD68A2E275664009BB352 /* Frameworks */,
				A1DFD68B2E275664009BB352 /* Resources */,
			);
			buildRules = (
			);
			dependencies = (
				A1DFD68F2E275664009BB352 /* PBXTargetDependency */,
			);
			name = "todo-moodTests";
			productName = "todo-moodTests";
			productReference = A1DFD68D2E275664009BB352 /* todo-moodTests.xctest */;
			productType = "com.apple.product-type.bundle.unit-test";
		};
		A1DFD6962E275664009BB352 /* todo-moodUITests */ = {
			isa = PBXNativeTarget;
			buildConfigurationList = A1DFD6A72E275664009BB352 /* Build configuration list for PBXNativeTarget "todo-moodUITests" */;
			buildPhases = (
				A1DFD6932E275664009BB352 /* Sources */,
				A1DFD6942E275664009BB352 /* Frameworks */,
				A1DFD6952E275664009BB352 /* Resources */,
			);
			buildRules = (
			);
			dependencies = (
				A1DFD6992E275664009BB352 /* PBXTargetDependency */,
			);
			name = "todo-moodUITests";
			productName = "todo-moodUITests";
			productReference = A1DFD6972E275664009BB352 /* todo-moodUITests.xctest */;
			productType = "com.apple.product-type.bundle.ui-testing";
		};
/* End PBXNativeTarget section */

/* Begin PBXProject section */
		A1DFD6752E275662009BB352 /* Project object */ = {
			isa = PBXProject;
			attributes = {
				BuildIndependentTargetsInParallel = 1;
				LastSwiftUpdateCheck = 1530;
				LastUpgradeCheck = 1530;
				TargetAttributes = {
					A1DFD67C2E275662009BB352 = {
						CreatedOnToolsVersion = 15.3;
					};
					A1DFD68C2E275664009BB352 = {
						CreatedOnToolsVersion = 15.3;
						TestTargetID = A1DFD67C2E275662009BB352;
					};
					A1DFD6962E275664009BB352 = {
						CreatedOnToolsVersion = 15.3;
						TestTargetID = A1DFD67C2E275662009BB352;
					};
				};
			};
			buildConfigurationList = A1DFD6782E275662009BB352 /* Build configuration list for PBXProject "todo-mood" */;
			compatibilityVersion = "Xcode 14.0";
			developmentRegion = en;
			hasScannedForEncodings = 0;
			knownRegions = (
				en,
				Base,
			);
			mainGroup = A1DFD6742E275662009BB352;
			productRefGroup = A1DFD67E2E275662009BB352 /* Products */;
			projectDirPath = "";
			projectRoot = "";
			targets = (
				A1DFD67C2E275662009BB352 /* todo-mood */,
				A1DFD68C2E275664009BB352 /* todo-moodTests */,
				A1DFD6962E275664009BB352 /* todo-moodUITests */,
			);
		};
/* End PBXProject section */

/* Begin PBXResourcesBuildPhase section */
		A1DFD67B2E275662009BB352 /* Resources */ = {
			isa = PBXResourcesBuildPhase;
			buildActionMask = 2147483647;
			files = (
				A1DFD6882E275664009BB352 /* Preview Assets.xcassets in Resources */,
				A1DFD6852E275664009BB352 /* Assets.xcassets in Resources */,
			);
			runOnlyForDeploymentPostprocessing = 0;
		};
		A1DFD68B2E275664009BB352 /* Resources */ = {
			isa = PBXResourcesBuildPhase;
			buildActionMask = 2147483647;
			files = (
			);
			runOnlyForDeploymentPostprocessing = 0;
		};
		A1DFD6952E275664009BB352 /* Resources */ = {
			isa = PBXResourcesBuildPhase;
			buildActionMask = 2147483647;
			files = (
			);
			runOnlyForDeploymentPostprocessing = 0;
		};
/* End PBXResourcesBuildPhase section */

/* Begin PBXSourcesBuildPhase section */
		A1DFD6792E275662009BB352 /* Sources */ = {
			isa = PBXSourcesBuildPhase;
			buildActionMask = 2147483647;
			files = (
				A1BA87872E27680E006AE746 /* LoginView.swift in Sources */,
				A1BA87812E2763EF006AE746 /* Models.swift in Sources */,
				A1BA878D2E27739E006AE746 /* AddTodoView.swift in Sources */,
				A1BA878B2E277348006AE746 /* TodoListView.swift in Sources */,
				A1DFD6832E275662009BB352 /* ContentView.swift in Sources */,
				A15C5C2F2E27857000463375 /* EditTodoList.swift in Sources */,
				A1BA87832E2767A1006AE746 /* NetworkService.swift in Sources */,
				A15C5C332E28376200463375 /* MoodView.swift in Sources */,
				A1DFD6812E275662009BB352 /* todo_moodApp.swift in Sources */,
				A1BA87852E2767E7006AE746 /* AuthManager.swift in Sources */,
				A15C5C322E28376200463375 /* MoodManager.swift in Sources */,
				A1BA87892E2772EA006AE746 /* TodoManager.swift in Sources */,
			);
			runOnlyForDeploymentPostprocessing = 0;
		};
		A1DFD6892E275664009BB352 /* Sources */ = {
			isa = PBXSourcesBuildPhase;
			buildActionMask = 2147483647;
			files = (
				A1DFD6922E275664009BB352 /* todo_moodTests.swift in Sources */,
			);
			runOnlyForDeploymentPostprocessing = 0;
		};
		A1DFD6932E275664009BB352 /* Sources */ = {
			isa = PBXSourcesBuildPhase;
			buildActionMask = 2147483647;
			files = (
				A1DFD69C2E275664009BB352 /* todo_moodUITests.swift in Sources */,
				A1DFD69E2E275664009BB352 /* todo_moodUITestsLaunchTests.swift in Sources */,
			);
			runOnlyForDeploymentPostprocessing = 0;
		};
/* End PBXSourcesBuildPhase section */

/* Begin PBXTargetDependency section */
		A1DFD68F2E275664009BB352 /* PBXTargetDependency */ = {
			isa = PBXTargetDependency;
			target = A1DFD67C2E275662009BB352 /* todo-mood */;
			targetProxy = A1DFD68E2E275664009BB352 /* PBXContainerItemProxy */;
		};
		A1DFD6992E275664009BB352 /* PBXTargetDependency */ = {
			isa = PBXTargetDependency;
			target = A1DFD67C2E275662009BB352 /* todo-mood */;
			targetProxy = A1DFD6982E275664009BB352 /* PBXContainerItemProxy */;
		};
/* End PBXTargetDependency section */

/* Begin XCBuildConfiguration section */
		A1DFD69F2E275664009BB352 /* Debug */ = {
			isa = XCBuildConfiguration;
			buildSettings = {
				ALWAYS_SEARCH_USER_PATHS = NO;
				ASSETCATALOG_COMPILER_GENERATE_SWIFT_ASSET_SYMBOL_EXTENSIONS = YES;
				CLANG_ANALYZER_NONNULL = YES;
				CLANG_ANALYZER_NUMBER_OBJECT_CONVERSION = YES_AGGRESSIVE;
				CLANG_CXX_LANGUAGE_STANDARD = "gnu++20";
				CLANG_ENABLE_MODULES = YES;
				CLANG_ENABLE_OBJC_ARC = YES;
				CLANG_ENABLE_OBJC_WEAK = YES;
				CLANG_WARN_BLOCK_CAPTURE_AUTORELEASING = YES;
				CLANG_WARN_BOOL_CONVERSION = YES;
				CLANG_WARN_COMMA = YES;
				CLANG_WARN_CONSTANT_CONVERSION = YES;
				CLANG_WARN_DEPRECATED_OBJC_IMPLEMENTATIONS = YES;
				CLANG_WARN_DIRECT_OBJC_ISA_USAGE = YES_ERROR;
				CLANG_WARN_DOCUMENTATION_COMMENTS = YES;
				CLANG_WARN_EMPTY_BODY = YES;
				CLANG_WARN_ENUM_CONVERSION = YES;
				CLANG_WARN_INFINITE_RECURSION = YES;
				CLANG_WARN_INT_CONVERSION = YES;
				CLANG_WARN_NON_LITERAL_NULL_CONVERSION = YES;
				CLANG_WARN_OBJC_IMPLICIT_RETAIN_SELF = YES;
				CLANG_WARN_OBJC_LITERAL_CONVERSION = YES;
				CLANG_WARN_OBJC_ROOT_CLASS = YES_ERROR;
				CLANG_WARN_QUOTED_INCLUDE_IN_FRAMEWORK_HEADER = YES;
				CLANG_WARN_RANGE_LOOP_ANALYSIS = YES;
				CLANG_WARN_STRICT_PROTOTYPES = YES;
				CLANG_WARN_SUSPICIOUS_MOVE = YES;
				CLANG_WARN_UNGUARDED_AVAILABILITY = YES_AGGRESSIVE;
				CLANG_WARN_UNREACHABLE_CODE = YES;
				CLANG_WARN__DUPLICATE_METHOD_MATCH = YES;
				COPY_PHASE_STRIP = NO;
				DEBUG_INFORMATION_FORMAT = dwarf;
				ENABLE_STRICT_OBJC_MSGSEND = YES;
				ENABLE_TESTABILITY = YES;
				ENABLE_USER_SCRIPT_SANDBOXING = YES;
				GCC_C_LANGUAGE_STANDARD = gnu17;
				GCC_DYNAMIC_NO_PIC = NO;
				GCC_NO_COMMON_BLOCKS = YES;
				GCC_OPTIMIZATION_LEVEL = 0;
				GCC_PREPROCESSOR_DEFINITIONS = (
					"DEBUG=1",
					"$(inherited)",
				);
				GCC_WARN_64_TO_32_BIT_CONVERSION = YES;
				GCC_WARN_ABOUT_RETURN_TYPE = YES_ERROR;
				GCC_WARN_UNDECLARED_SELECTOR = YES;
				GCC_WARN_UNINITIALIZED_AUTOS = YES_AGGRESSIVE;
				GCC_WARN_UNUSED_FUNCTION = YES;
				GCC_WARN_UNUSED_VARIABLE = YES;
				IPHONEOS_DEPLOYMENT_TARGET = 17.4;
				LOCALIZATION_PREFERS_STRING_CATALOGS = YES;
				MTL_ENABLE_DEBUG_INFO = INCLUDE_SOURCE;
				MTL_FAST_MATH = YES;
				ONLY_ACTIVE_ARCH = YES;
				SDKROOT = iphoneos;
				SWIFT_ACTIVE_COMPILATION_CONDITIONS = "DEBUG $(inherited)";
				SWIFT_OPTIMIZATION_LEVEL = "-Onone";
			};
			name = Debug;
		};
		A1DFD6A02E275664009BB352 /* Release */ = {
			isa = XCBuildConfiguration;
			buildSettings = {
				ALWAYS_SEARCH_USER_PATHS = NO;
				ASSETCATALOG_COMPILER_GENERATE_SWIFT_ASSET_SYMBOL_EXTENSIONS = YES;
				CLANG_ANALYZER_NONNULL = YES;
				CLANG_ANALYZER_NUMBER_OBJECT_CONVERSION = YES_AGGRESSIVE;
				CLANG_CXX_LANGUAGE_STANDARD = "gnu++20";
				CLANG_ENABLE_MODULES = YES;
				CLANG_ENABLE_OBJC_ARC = YES;
				CLANG_ENABLE_OBJC_WEAK = YES;
				CLANG_WARN_BLOCK_CAPTURE_AUTORELEASING = YES;
				CLANG_WARN_BOOL_CONVERSION = YES;
				CLANG_WARN_COMMA = YES;
				CLANG_WARN_CONSTANT_CONVERSION = YES;
				CLANG_WARN_DEPRECATED_OBJC_IMPLEMENTATIONS = YES;
				CLANG_WARN_DIRECT_OBJC_ISA_USAGE = YES_ERROR;
				CLANG_WARN_DOCUMENTATION_COMMENTS = YES;
				CLANG_WARN_EMPTY_BODY = YES;
				CLANG_WARN_ENUM_CONVERSION = YES;
				CLANG_WARN_INFINITE_RECURSION = YES;
				CLANG_WARN_INT_CONVERSION = YES;
				CLANG_WARN_NON_LITERAL_NULL_CONVERSION = YES;
				CLANG_WARN_OBJC_IMPLICIT_RETAIN_SELF = YES;
				CLANG_WARN_OBJC_LITERAL_CONVERSION = YES;
				CLANG_WARN_OBJC_ROOT_CLASS = YES_ERROR;
				CLANG_WARN_QUOTED_INCLUDE_IN_FRAMEWORK_HEADER = YES;
				CLANG_WARN_RANGE_LOOP_ANALYSIS = YES;
				CLANG_WARN_STRICT_PROTOTYPES = YES;
				CLANG_WARN_SUSPICIOUS_MOVE = YES;
				CLANG_WARN_UNGUARDED_AVAILABILITY = YES_AGGRESSIVE;
				CLANG_WARN_UNREACHABLE_CODE = YES;
				CLANG_WARN__DUPLICATE_METHOD_MATCH = YES;
				COPY_PHASE_STRIP = NO;
				DEBUG_INFORMATION_FORMAT = "dwarf-with-dsym";
				ENABLE_NS_ASSERTIONS = NO;
				ENABLE_STRICT_OBJC_MSGSEND = YES;
				ENABLE_USER_SCRIPT_SANDBOXING = YES;
				GCC_C_LANGUAGE_STANDARD = gnu17;
				GCC_NO_COMMON_BLOCKS = YES;
				GCC_WARN_64_TO_32_BIT_CONVERSION = YES;
				GCC_WARN_ABOUT_RETURN_TYPE = YES_ERROR;
				GCC_WARN_UNDECLARED_SELECTOR = YES;
				GCC_WARN_UNINITIALIZED_AUTOS = YES_AGGRESSIVE;
				GCC_WARN_UNUSED_FUNCTION = YES;
				GCC_WARN_UNUSED_VARIABLE = YES;
				IPHONEOS_DEPLOYMENT_TARGET = 17.4;
				LOCALIZATION_PREFERS_STRING_CATALOGS = YES;
				MTL_ENABLE_DEBUG_INFO = NO;
				MTL_FAST_MATH = YES;
				SDKROOT = iphoneos;
				SWIFT_COMPILATION_MODE = wholemodule;
				VALIDATE_PRODUCT = YES;
			};
			name = Release;
		};
		A1DFD6A22E275664009BB352 /* Debug */ = {
			isa = XCBuildConfiguration;
			buildSettings = {
				ASSETCATALOG_COMPILER_APPICON_NAME = AppIcon;
				ASSETCATALOG_COMPILER_GLOBAL_ACCENT_COLOR_NAME = AccentColor;
				CODE_SIGN_STYLE = Automatic;
				CURRENT_PROJECT_VERSION = 1;
				DEVELOPMENT_ASSET_PATHS = "\"todo-mood/Preview Content\"";
				ENABLE_PREVIEWS = YES;
				GENERATE_INFOPLIST_FILE = YES;
				INFOPLIST_KEY_UIApplicationSceneManifest_Generation = YES;
				INFOPLIST_KEY_UIApplicationSupportsIndirectInputEvents = YES;
				INFOPLIST_KEY_UILaunchScreen_Generation = YES;
				INFOPLIST_KEY_UISupportedInterfaceOrientations_iPad = "UIInterfaceOrientationPortrait UIInterfaceOrientationPortraitUpsideDown UIInterfaceOrientationLandscapeLeft UIInterfaceOrientationLandscapeRight";
				INFOPLIST_KEY_UISupportedInterfaceOrientations_iPhone = "UIInterfaceOrientationPortrait UIInterfaceOrientationLandscapeLeft UIInterfaceOrientationLandscapeRight";
				LD_RUNPATH_SEARCH_PATHS = (
					"$(inherited)",
					"@executable_path/Frameworks",
				);
				MARKETING_VERSION = 1.0;
				PRODUCT_BUNDLE_IDENTIFIER = "com.huang.todo-mood";
				PRODUCT_NAME = "$(TARGET_NAME)";
				SWIFT_EMIT_LOC_STRINGS = YES;
				SWIFT_VERSION = 5.0;
				TARGETED_DEVICE_FAMILY = "1,2";
			};
			name = Debug;
		};
		A1DFD6A32E275664009BB352 /* Release */ = {
			isa = XCBuildConfiguration;
			buildSettings = {
				ASSETCATALOG_COMPILER_APPICON_NAME = AppIcon;
				ASSETCATALOG_COMPILER_GLOBAL_ACCENT_COLOR_NAME = AccentColor;
				CODE_SIGN_STYLE = Automatic;
				CURRENT_PROJECT_VERSION = 1;
				DEVELOPMENT_ASSET_PATHS = "\"todo-mood/Preview Content\"";
				ENABLE_PREVIEWS = YES;
				GENERATE_INFOPLIST_FILE = YES;
				INFOPLIST_KEY_UIApplicationSceneManifest_Generation = YES;
				INFOPLIST_KEY_UIApplicationSupportsIndirectInputEvents = YES;
				INFOPLIST_KEY_UILaunchScreen_Generation = YES;
				INFOPLIST_KEY_UISupportedInterfaceOrientations_iPad = "UIInterfaceOrientationPortrait UIInterfaceOrientationPortraitUpsideDown UIInterfaceOrientationLandscapeLeft UIInterfaceOrientationLandscapeRight";
				INFOPLIST_KEY_UISupportedInterfaceOrientations_iPhone = "UIInterfaceOrientationPortrait UIInterfaceOrientationLandscapeLeft UIInterfaceOrientationLandscapeRight";
				LD_RUNPATH_SEARCH_PATHS = (
					"$(inherited)",
					"@executable_path/Frameworks",
				);
				MARKETING_VERSION = 1.0;
				PRODUCT_BUNDLE_IDENTIFIER = "com.huang.todo-mood";
				PRODUCT_NAME = "$(TARGET_NAME)";
				SWIFT_EMIT_LOC_STRINGS = YES;
				SWIFT_VERSION = 5.0;
				TARGETED_DEVICE_FAMILY = "1,2";
			};
			name = Release;
		};
		A1DFD6A52E275664009BB352 /* Debug */ = {
			isa = XCBuildConfiguration;
			buildSettings = {
				ALWAYS_EMBED_SWIFT_STANDARD_LIBRARIES = YES;
				BUNDLE_LOADER = "$(TEST_HOST)";
				CODE_SIGN_STYLE = Automatic;
				CURRENT_PROJECT_VERSION = 1;
				GENERATE_INFOPLIST_FILE = YES;
				IPHONEOS_DEPLOYMENT_TARGET = 17.4;
				MARKETING_VERSION = 1.0;
				PRODUCT_BUNDLE_IDENTIFIER = "com.huang.todo-moodTests";
				PRODUCT_NAME = "$(TARGET_NAME)";
				SWIFT_EMIT_LOC_STRINGS = NO;
				SWIFT_VERSION = 5.0;
				TARGETED_DEVICE_FAMILY = "1,2";
				TEST_HOST = "$(BUILT_PRODUCTS_DIR)/todo-mood.app/$(BUNDLE_EXECUTABLE_FOLDER_PATH)/todo-mood";
			};
			name = Debug;
		};
		A1DFD6A62E275664009BB352 /* Release */ = {
			isa = XCBuildConfiguration;
			buildSettings = {
				ALWAYS_EMBED_SWIFT_STANDARD_LIBRARIES = YES;
				BUNDLE_LOADER = "$(TEST_HOST)";
				CODE_SIGN_STYLE = Automatic;
				CURRENT_PROJECT_VERSION = 1;
				GENERATE_INFOPLIST_FILE = YES;
				IPHONEOS_DEPLOYMENT_TARGET = 17.4;
				MARKETING_VERSION = 1.0;
				PRODUCT_BUNDLE_IDENTIFIER = "com.huang.todo-moodTests";
				PRODUCT_NAME = "$(TARGET_NAME)";
				SWIFT_EMIT_LOC_STRINGS = NO;
				SWIFT_VERSION = 5.0;
				TARGETED_DEVICE_FAMILY = "1,2";
				TEST_HOST = "$(BUILT_PRODUCTS_DIR)/todo-mood.app/$(BUNDLE_EXECUTABLE_FOLDER_PATH)/todo-mood";
			};
			name = Release;
		};
		A1DFD6A82E275664009BB352 /* Debug */ = {
			isa = XCBuildConfiguration;
			buildSettings = {
				ALWAYS_EMBED_SWIFT_STANDARD_LIBRARIES = YES;
				CODE_SIGN_STYLE = Automatic;
				CURRENT_PROJECT_VERSION = 1;
				GENERATE_INFOPLIST_FILE = YES;
				MARKETING_VERSION = 1.0;
				PRODUCT_BUNDLE_IDENTIFIER = "com.huang.todo-moodUITests";
				PRODUCT_NAME = "$(TARGET_NAME)";
				SWIFT_EMIT_LOC_STRINGS = NO;
				SWIFT_VERSION = 5.0;
				TARGETED_DEVICE_FAMILY = "1,2";
				TEST_TARGET_NAME = "todo-mood";
			};
			name = Debug;
		};
		A1DFD6A92E275664009BB352 /* Release */ = {
			isa = XCBuildConfiguration;
			buildSettings = {
				ALWAYS_EMBED_SWIFT_STANDARD_LIBRARIES = YES;
				CODE_SIGN_STYLE = Automatic;
				CURRENT_PROJECT_VERSION = 1;
				GENERATE_INFOPLIST_FILE = YES;
				MARKETING_VERSION = 1.0;
				PRODUCT_BUNDLE_IDENTIFIER = "com.huang.todo-moodUITests";
				PRODUCT_NAME = "$(TARGET_NAME)";
				SWIFT_EMIT_LOC_STRINGS = NO;
				SWIFT_VERSION = 5.0;
				TARGETED_DEVICE_FAMILY = "1,2";
				TEST_TARGET_NAME = "todo-mood";
			};
			name = Release;
		};
/* End XCBuildConfiguration section */

/* Begin XCConfigurationList section */
		A1DFD6782E275662009BB352 /* Build configuration list for PBXProject "todo-mood" */ = {
			isa = XCConfigurationList;
			buildConfigurations = (
				A1DFD69F2E275664009BB352 /* Debug */,
				A1DFD6A02E275664009BB352 /* Release */,
			);
			defaultConfigurationIsVisible = 0;
			defaultConfigurationName = Release;
		};
		A1DFD6A12E275664009BB352 /* Build configuration list for PBXNativeTarget "todo-mood" */ = {
			isa = XCConfigurationList;
			buildConfigurations = (
				A1DFD6A22E275664009BB352 /* Debug */,
				A1DFD6A32E275664009BB352 /* Release */,
			);
			defaultConfigurationIsVisible = 0;
			defaultConfigurationName = Release;
		};
		A1DFD6A42E275664009BB352 /* Build configuration list for PBXNativeTarget "todo-moodTests" */ = {
			isa = XCConfigurationList;
			buildConfigurations = (
				A1DFD6A52E275664009BB352 /* Debug */,
				A1DFD6A62E275664009BB352 /* Release */,
			);
			defaultConfigurationIsVisible = 0;
			defaultConfigurationName = Release;
		};
		A1DFD6A72E275664009BB352 /* Build configuration list for PBXNativeTarget "todo-moodUITests" */ = {
			isa = XCConfigurationList;
			buildConfigurations = (
				A1DFD6A82E275664009BB352 /* Debug */,
				A1DFD6A92E275664009BB352 /* Release */,
			);
			defaultConfigurationIsVisible = 0;
			defaultConfigurationName = Release;
		};
/* End XCConfigurationList section */
	};
	rootObject = A1DFD6752E275662009BB352 /* Project object */;
}
